
Microsoft Visual Studio Solution File, Format Version 12.00
# Visual Studio Version 17
VisualStudioVersion = 17.9.34728.123
MinimumVisualStudioVersion = 10.0.40219.1
Project("{FAE04EC0-301F-11D3-BF4B-00C04F79EFBC}") = "UserService", "UserService.csproj", "{189D4CE9-12D2-4BDC-A9C2-6386D4BBF805}"
EndProject
Global
	GlobalSection(SolutionConfigurationPlatforms) = preSolution
		Debug|Any CPU = Debug|Any CPU
		Release|Any CPU = Release|Any CPU
	EndGlobalSection
	GlobalSection(ProjectConfigurationPlatforms) = postSolution
		{189D4CE9-12D2-4BDC-A9C2-6386D4BBF805}.Debug|Any CPU.ActiveCfg = Debug|Any CPU
		{189D4CE9-12D2-4BDC-A9C2-6386D4BBF805}.Debug|Any CPU.Build.0 = Debug|Any CPU
		{189D4CE9-12D2-4BDC-A9C2-6386D4BBF805}.Release|Any CPU.ActiveCfg = Release|Any CPU
		{189D4CE9-12D2-4BDC-A9C2-6386D4BBF805}.Release|Any CPU.Build.0 = Release|Any CPU
	EndGlobalSection
	GlobalSection(SolutionProperties) = preSolution
		HideSolutionNode = FALSE
	EndGlobalSection
	GlobalSection(ExtensibilityGlobals) = postSolution
		SolutionGuid = {81142A04-8F55-424E-8490-FE5A18C5888C}
	EndGlobalSection
EndGlobal
